
Microsoft Visual Studio Solution File, Format Version 12.00
# Visual Studio Version 17
VisualStudioVersion = 17.3.32819.101
MinimumVisualStudioVersion = 10.0.40219.1
Project("{FAE04EC0-301F-11D3-BF4B-00C04F79EFBC}") = "Dividir get y set", "Dividir get y set\Dividir get y set.csproj", "{DEBAB4CB-1CAC-4BE6-824D-9BBCBF0857C0}"
EndProject
Global
	GlobalSection(SolutionConfigurationPlatforms) = preSolution
		Debug|Any CPU = Debug|Any CPU
		Release|Any CPU = Release|Any CPU
	EndGlobalSection
	GlobalSection(ProjectConfigurationPlatforms) = postSolution
		{DEBAB4CB-1CAC-4BE6-824D-9BBCBF0857C0}.Debug|Any CPU.ActiveCfg = Debug|Any CPU
		{DEBAB4CB-1CAC-4BE6-824D-9BBCBF0857C0}.Debug|Any CPU.Build.0 = Debug|Any CPU
		{DEBAB4CB-1CAC-4BE6-824D-9BBCBF0857C0}.Release|Any CPU.ActiveCfg = Release|Any CPU
		{DEBAB4CB-1CAC-4BE6-824D-9BBCBF0857C0}.Release|Any CPU.Build.0 = Release|Any CPU
	EndGlobalSection
	GlobalSection(SolutionProperties) = preSolution
		HideSolutionNode = FALSE
	EndGlobalSection
	GlobalSection(ExtensibilityGlobals) = postSolution
		SolutionGuid = {0AF9B1B7-82B9-4144-A54B-262D6BDEBE97}
	EndGlobalSection
EndGlobal
